
Microsoft Visual Studio Solution File, Format Version 12.00
# Visual Studio Version 17
VisualStudioVersion = 17.9.34902.65
MinimumVisualStudioVersion = 10.0.40219.1
Project("{FAE04EC0-301F-11D3-BF4B-00C04F79EFBC}") = "JogoDaVelha", "JogoDaVelha\JogoDaVelha.csproj", "{43261353-150E-44FE-9264-4B4E9E4C2922}"
EndProject
Global
	GlobalSection(SolutionConfigurationPlatforms) = preSolution
		Debug|Any CPU = Debug|Any CPU
		Release|Any CPU = Release|Any CPU
	EndGlobalSection
	GlobalSection(ProjectConfigurationPlatforms) = postSolution
		{43261353-150E-44FE-9264-4B4E9E4C2922}.Debug|Any CPU.ActiveCfg = Debug|Any CPU
		{43261353-150E-44FE-9264-4B4E9E4C2922}.Debug|Any CPU.Build.0 = Debug|Any CPU
		{43261353-150E-44FE-9264-4B4E9E4C2922}.Release|Any CPU.ActiveCfg = Release|Any CPU
		{43261353-150E-44FE-9264-4B4E9E4C2922}.Release|Any CPU.Build.0 = Release|Any CPU
	EndGlobalSection
	GlobalSection(SolutionProperties) = preSolution
		HideSolutionNode = FALSE
	EndGlobalSection
	GlobalSection(ExtensibilityGlobals) = postSolution
		SolutionGuid = {8908F92B-71FB-4170-AB88-1935AA3E917A}
	EndGlobalSection
EndGlobal
